PODS:
  - lottie-ios (4.1.3)
  - SnapKit (5.0.1)

DEPENDENCIES:
  - lottie-ios
  - SnapKit (~> 5.0.0)

SPEC REPOS:
  trunk:
    - lottie-ios
    - SnapKit

SPEC CHECKSUMS:
  lottie-ios: d0954d3150061f662ed0adf96ef98d7421864c47
  SnapKit: 97b92857e3df3a0c71833cce143274bf6ef8e5eb

PODFILE CHECKSUM: 10674ef6029da4f1a0e3a41e6098384b9e1e35fb

COCOAPODS: 1.11.3
