// !$*UTF8*$!
{
	archiveVersion = 1;
	classes = {
	};
	objectVersion = 55;
	objects = {

/* Begin PBXBuildFile section */
		3B499C4029BF8AC900186FF9 /* AppDelegate.swift in Sources */ = {isa = PBXBuildFile; fileRef = 3B499C3F29BF8AC900186FF9 /* AppDelegate.swift */; };
		3B499C4229BF8AC900186FF9 /* SceneDelegate.swift in Sources */ = {isa = PBXBuildFile; fileRef = 3B499C4129BF8AC900186FF9 /* SceneDelegate.swift */; };
		3B499C4429BF8AC900186FF9 /* HomeViewController.swift in Sources */ = {isa = PBXBuildFile; fileRef = 3B499C4329BF8AC900186FF9 /* HomeViewController.swift */; };
		3B499C4729BF8AC900186FF9 /* Main.storyboard in Resources */ = {isa = PBXBuildFile; fileRef = 3B499C4529BF8AC900186FF9 /* Main.storyboard */; };
		3B499C4929BF8ACA00186FF9 /* Assets.xcassets in Resources */ = {isa = PBXBuildFile; fileRef = 3B499C4829BF8ACA00186FF9 /* Assets.xcassets */; };
		3B499C4C29BF8ACA00186FF9 /* LaunchScreen.storyboard in Resources */ = {isa = PBXBuildFile; fileRef = 3B499C4A29BF8ACA00186FF9 /* LaunchScreen.storyboard */; };
		3B499C5729BF8B3500186FF9 /* TabBarViewController.swift in Sources */ = {isa = PBXBuildFile; fileRef = 3B499C5629BF8B3500186FF9 /* TabBarViewController.swift */; };
		3B499C6529BFA99C00186FF9 /* UserDefaultsHelper.swift in Sources */ = {isa = PBXBuildFile; fileRef = 3B499C6429BFA99C00186FF9 /* UserDefaultsHelper.swift */; };
		3B499C6B29BFAA1D00186FF9 /* HomeViewModel.swift in Sources */ = {isa = PBXBuildFile; fileRef = 3B499C6A29BFAA1D00186FF9 /* HomeViewModel.swift */; };
		DE7AF8C2AE68E45AAE230AED /* Pods_MovieApp.framework in Frameworks */ = {isa = PBXBuildFile; fileRef = 32AE54430A637AD31B05E982 /* Pods_MovieApp.framework */; };
/* End PBXBuildFile section */

/* Begin PBXFileReference section */
		32AE54430A637AD31B05E982 /* Pods_MovieApp.framework */ = {isa = PBXFileReference; explicitFileType = wrapper.framework; includeInIndex = 0; path = Pods_MovieApp.framework; sourceTree = BUILT_PRODUCTS_DIR; };
		3B499C3C29BF8AC900186FF9 /* MovieApp.app */ = {isa = PBXFileReference; explicitFileType = wrapper.application; includeInIndex = 0; path = MovieApp.app; sourceTree = BUILT_PRODUCTS_DIR; };
		3B499C3F29BF8AC900186FF9 /* AppDelegate.swift */ = {isa = PBXFileReference; lastKnownFileType = sourcecode.swift; path = AppDelegate.swift; sourceTree = "<group>"; };
		3B499C4129BF8AC900186FF9 /* SceneDelegate.swift */ = {isa = PBXFileReference; lastKnownFileType = sourcecode.swift; path = SceneDelegate.swift; sourceTree = "<group>"; };
		3B499C4329BF8AC900186FF9 /* HomeViewController.swift */ = {isa = PBXFileReference; lastKnownFileType = sourcecode.swift; path = HomeViewController.swift; sourceTree = "<group>"; };
		3B499C4629BF8AC900186FF9 /* Base */ = {isa = PBXFileReference; lastKnownFileType = file.storyboard; name = Base; path = Base.lproj/Main.storyboard; sourceTree = "<group>"; };
		3B499C4829BF8ACA00186FF9 /* Assets.xcassets */ = {isa = PBXFileReference; lastKnownFileType = folder.assetcatalog; path = Assets.xcassets; sourceTree = "<group>"; };
		3B499C4B29BF8ACA00186FF9 /* Base */ = {isa = PBXFileReference; lastKnownFileType = file.storyboard; name = Base; path = Base.lproj/LaunchScreen.storyboard; sourceTree = "<group>"; };
		3B499C4D29BF8ACA00186FF9 /* Info.plist */ = {isa = PBXFileReference; lastKnownFileType = text.plist.xml; path = Info.plist; sourceTree = "<group>"; };
		3B499C5629BF8B3500186FF9 /* TabBarViewController.swift */ = {isa = PBXFileReference; lastKnownFileType = sourcecode.swift; path = TabBarViewController.swift; sourceTree = "<group>"; };
		3B499C6429BFA99C00186FF9 /* UserDefaultsHelper.swift */ = {isa = PBXFileReference; lastKnownFileType = sourcecode.swift; path = UserDefaultsHelper.swift; sourceTree = "<group>"; };
		3B499C6A29BFAA1D00186FF9 /* HomeViewModel.swift */ = {isa = PBXFileReference; lastKnownFileType = sourcecode.swift; path = HomeViewModel.swift; sourceTree = "<group>"; };
		7E58F47E582ED7D207234F87 /* Pods-MovieApp.debug.xcconfig */ = {isa = PBXFileReference; includeInIndex = 1; lastKnownFileType = text.xcconfig; name = "Pods-MovieApp.debug.xcconfig"; path = "Target Support Files/Pods-MovieApp/Pods-MovieApp.debug.xcconfig"; sourceTree = "<group>"; };
		C633967825AC86DE7842E31D /* Pods-MovieApp.release.xcconfig */ = {isa = PBXFileReference; includeInIndex = 1; lastKnownFileType = text.xcconfig; name = "Pods-MovieApp.release.xcconfig"; path = "Target Support Files/Pods-MovieApp/Pods-MovieApp.release.xcconfig"; sourceTree = "<group>"; };
/* End PBXFileReference section */

/* Begin PBXFrameworksBuildPhase section */
		3B499C3929BF8AC900186FF9 /* Frameworks */ = {
			isa = PBXFrameworksBuildPhase;
			buildActionMask = 2147483647;
			files = (
				DE7AF8C2AE68E45AAE230AED /* Pods_MovieApp.framework in Frameworks */,
			);
			runOnlyForDeploymentPostprocessing = 0;
		};
/* End PBXFrameworksBuildPhase section */

/* Begin PBXGroup section */
		3B499C3329BF8AC900186FF9 = {
			isa = PBXGroup;
			children = (
				3B499C3E29BF8AC900186FF9 /* MovieApp */,
				3B499C3D29BF8AC900186FF9 /* Products */,
				FEAF148429A26FB69D5451E7 /* Pods */,
				BB943A920F5E5514B6613CBE /* Frameworks */,
			);
			sourceTree = "<group>";
		};
		3B499C3D29BF8AC900186FF9 /* Products */ = {
			isa = PBXGroup;
			children = (
				3B499C3C29BF8AC900186FF9 /* MovieApp.app */,
			);
			name = Products;
			sourceTree = "<group>";
		};
		3B499C3E29BF8AC900186FF9 /* MovieApp */ = {
			isa = PBXGroup;
			children = (
				3B499C5329BF8AD300186FF9 /* Resources */,
				3B499C5C29BFA53A00186FF9 /* TabBar */,
				3B499C6329BFA93A00186FF9 /* Helper */,
				3B499C6629BFA9DA00186FF9 /* Entities */,
				3B499C6729BFA9E800186FF9 /* HomeScreen */,
				3B499C4529BF8AC900186FF9 /* Main.storyboard */,
				3B499C4A29BF8ACA00186FF9 /* LaunchScreen.storyboard */,
				3B499C4D29BF8ACA00186FF9 /* Info.plist */,
			);
			path = MovieApp;
			sourceTree = "<group>";
		};
		3B499C5329BF8AD300186FF9 /* Resources */ = {
			isa = PBXGroup;
			children = (
				3B499C3F29BF8AC900186FF9 /* AppDelegate.swift */,
				3B499C4129BF8AC900186FF9 /* SceneDelegate.swift */,
				3B499C4829BF8ACA00186FF9 /* Assets.xcassets */,
			);
			path = Resources;
			sourceTree = "<group>";
		};
		3B499C5C29BFA53A00186FF9 /* TabBar */ = {
			isa = PBXGroup;
			children = (
				3B499C5629BF8B3500186FF9 /* TabBarViewController.swift */,
			);
			path = TabBar;
			sourceTree = "<group>";
		};
		3B499C6329BFA93A00186FF9 /* Helper */ = {
			isa = PBXGroup;
			children = (
				3B499C6429BFA99C00186FF9 /* UserDefaultsHelper.swift */,
			);
			path = Helper;
			sourceTree = "<group>";
		};
		3B499C6629BFA9DA00186FF9 /* Entities */ = {
			isa = PBXGroup;
			children = (
			);
			path = Entities;
			sourceTree = "<group>";
		};
		3B499C6729BFA9E800186FF9 /* HomeScreen */ = {
			isa = PBXGroup;
			children = (
				3B499C6829BFA9F100186FF9 /* HomeView */,
				3B499C6929BFA9FC00186FF9 /* HomeViewModel */,
			);
			path = HomeScreen;
			sourceTree = "<group>";
		};
		3B499C6829BFA9F100186FF9 /* HomeView */ = {
			isa = PBXGroup;
			children = (
				3B499C4329BF8AC900186FF9 /* HomeViewController.swift */,
			);
			path = HomeView;
			sourceTree = "<group>";
		};
		3B499C6929BFA9FC00186FF9 /* HomeViewModel */ = {
			isa = PBXGroup;
			children = (
				3B499C6A29BFAA1D00186FF9 /* HomeViewModel.swift */,
			);
			path = HomeViewModel;
			sourceTree = "<group>";
		};
		BB943A920F5E5514B6613CBE /* Frameworks */ = {
			isa = PBXGroup;
			children = (
				32AE54430A637AD31B05E982 /* Pods_MovieApp.framework */,
			);
			name = Frameworks;
			sourceTree = "<group>";
		};
		FEAF148429A26FB69D5451E7 /* Pods */ = {
			isa = PBXGroup;
			children = (
				7E58F47E582ED7D207234F87 /* Pods-MovieApp.debug.xcconfig */,
				C633967825AC86DE7842E31D /* Pods-MovieApp.release.xcconfig */,
			);
			path = Pods;
			sourceTree = "<group>";
		};
/* End PBXGroup section */

/* Begin PBXNativeTarget section */
		3B499C3B29BF8AC900186FF9 /* MovieApp */ = {
			isa = PBXNativeTarget;
			buildConfigurationList = 3B499C5029BF8ACA00186FF9 /* Build configuration list for PBXNativeTarget "MovieApp" */;
			buildPhases = (
				7D77946313462F4C2D4491F4 /* [CP] Check Pods Manifest.lock */,
				3B499C3829BF8AC900186FF9 /* Sources */,
				3B499C3929BF8AC900186FF9 /* Frameworks */,
				3B499C3A29BF8AC900186FF9 /* Resources */,
				CA15E3FB13E3527BF950EDC6 /* [CP] Embed Pods Frameworks */,
			);
			buildRules = (
			);
			dependencies = (
			);
			name = MovieApp;
			productName = MovieApp;
			productReference = 3B499C3C29BF8AC900186FF9 /* MovieApp.app */;
			productType = "com.apple.product-type.application";
		};
/* End PBXNativeTarget section */

/* Begin PBXProject section */
		3B499C3429BF8AC900186FF9 /* Project object */ = {
			isa = PBXProject;
			attributes = {
				BuildIndependentTargetsInParallel = 1;
				LastSwiftUpdateCheck = 1420;
				LastUpgradeCheck = 1420;
				TargetAttributes = {
					3B499C3B29BF8AC900186FF9 = {
						CreatedOnToolsVersion = 14.2;
					};
				};
			};
			buildConfigurationList = 3B499C3729BF8AC900186FF9 /* Build configuration list for PBXProject "MovieApp" */;
			compatibilityVersion = "Xcode 13.0";
			developmentRegion = en;
			hasScannedForEncodings = 0;
			knownRegions = (
				en,
				Base,
			);
			mainGroup = 3B499C3329BF8AC900186FF9;
			productRefGroup = 3B499C3D29BF8AC900186FF9 /* Products */;
			projectDirPath = "";
			projectRoot = "";
			targets = (
				3B499C3B29BF8AC900186FF9 /* MovieApp */,
			);
		};
/* End PBXProject section */

/* Begin PBXResourcesBuildPhase section */
		3B499C3A29BF8AC900186FF9 /* Resources */ = {
			isa = PBXResourcesBuildPhase;
			buildActionMask = 2147483647;
			files = (
				3B499C4C29BF8ACA00186FF9 /* LaunchScreen.storyboard in Resources */,
				3B499C4929BF8ACA00186FF9 /* Assets.xcassets in Resources */,
				3B499C4729BF8AC900186FF9 /* Main.storyboard in Resources */,
			);
			runOnlyForDeploymentPostprocessing = 0;
		};
/* End PBXResourcesBuildPhase section */

/* Begin PBXShellScriptBuildPhase section */
		7D77946313462F4C2D4491F4 /* [CP] Check Pods Manifest.lock */ = {
			isa = PBXShellScriptBuildPhase;
			buildActionMask = 2147483647;
			files = (
			);
			inputFileListPaths = (
			);
			inputPaths = (
				"${PODS_PODFILE_DIR_PATH}/Podfile.lock",
				"${PODS_ROOT}/Manifest.lock",
			);
			name = "[CP] Check Pods Manifest.lock";
			outputFileListPaths = (
			);
			outputPaths = (
				"$(DERIVED_FILE_DIR)/Pods-MovieApp-checkManifestLockResult.txt",
			);
			runOnlyForDeploymentPostprocessing = 0;
			shellPath = /bin/sh;
			shellScript = "diff \"${PODS_PODFILE_DIR_PATH}/Podfile.lock\" \"${PODS_ROOT}/Manifest.lock\" > /dev/null\nif [ $? != 0 ] ; then\n    # print error to STDERR\n    echo \"error: The sandbox is not in sync with the Podfile.lock. Run 'pod install' or update your CocoaPods installation.\" >&2\n    exit 1\nfi\n# This output is used by Xcode 'outputs' to avoid re-running this script phase.\necho \"SUCCESS\" > \"${SCRIPT_OUTPUT_FILE_0}\"\n";
			showEnvVarsInLog = 0;
		};
		CA15E3FB13E3527BF950EDC6 /* [CP] Embed Pods Frameworks */ = {
			isa = PBXShellScriptBuildPhase;
			buildActionMask = 2147483647;
			files = (
			);
			inputFileListPaths = (
				"${PODS_ROOT}/Target Support Files/Pods-MovieApp/Pods-MovieApp-frameworks-${CONFIGURATION}-input-files.xcfilelist",
			);
			name = "[CP] Embed Pods Frameworks";
			outputFileListPaths = (
				"${PODS_ROOT}/Target Support Files/Pods-MovieApp/Pods-MovieApp-frameworks-${CONFIGURATION}-output-files.xcfilelist",
			);
			runOnlyForDeploymentPostprocessing = 0;
			shellPath = /bin/sh;
			shellScript = "\"${PODS_ROOT}/Target Support Files/Pods-MovieApp/Pods-MovieApp-frameworks.sh\"\n";
			showEnvVarsInLog = 0;
		};
/* End PBXShellScriptBuildPhase section */

/* Begin PBXSourcesBuildPhase section */
		3B499C3829BF8AC900186FF9 /* Sources */ = {
			isa = PBXSourcesBuildPhase;
			buildActionMask = 2147483647;
			files = (
				3B499C6529BFA99C00186FF9 /* UserDefaultsHelper.swift in Sources */,
				3B499C6B29BFAA1D00186FF9 /* HomeViewModel.swift in Sources */,
				3B499C5729BF8B3500186FF9 /* TabBarViewController.swift in Sources */,
				3B499C4429BF8AC900186FF9 /* HomeViewController.swift in Sources */,
				3B499C4029BF8AC900186FF9 /* AppDelegate.swift in Sources */,
				3B499C4229BF8AC900186FF9 /* SceneDelegate.swift in Sources */,
			);
			runOnlyForDeploymentPostprocessing = 0;
		};
/* End PBXSourcesBuildPhase section */

/* Begin PBXVariantGroup section */
		3B499C4529BF8AC900186FF9 /* Main.storyboard */ = {
			isa = PBXVariantGroup;
			children = (
				3B499C4629BF8AC900186FF9 /* Base */,
			);
			name = Main.storyboard;
			sourceTree = "<group>";
		};
		3B499C4A29BF8ACA00186FF9 /* LaunchScreen.storyboard */ = {
			isa = PBXVariantGroup;
			children = (
				3B499C4B29BF8ACA00186FF9 /* Base */,
			);
			name = LaunchScreen.storyboard;
			sourceTree = "<group>";
		};
/* End PBXVariantGroup section */

/* Begin XCBuildConfiguration section */
		3B499C4E29BF8ACA00186FF9 /* Debug */ = {
			isa = XCBuildConfiguration;
			buildSettings = {
				ALWAYS_SEARCH_USER_PATHS = NO;
				CLANG_ANALYZER_NONNULL = YES;
				CLANG_ANALYZER_NUMBER_OBJECT_CONVERSION = YES_AGGRESSIVE;
				CLANG_CXX_LANGUAGE_STANDARD = "gnu++20";
				CLANG_ENABLE_MODULES = YES;
				CLANG_ENABLE_OBJC_ARC = YES;
				CLANG_ENABLE_OBJC_WEAK = YES;
				CLANG_WARN_BLOCK_CAPTURE_AUTORELEASING = YES;
				CLANG_WARN_BOOL_CONVERSION = YES;
				CLANG_WARN_COMMA = YES;
				CLANG_WARN_CONSTANT_CONVERSION = YES;
				CLANG_WARN_DEPRECATED_OBJC_IMPLEMENTATIONS = YES;
				CLANG_WARN_DIRECT_OBJC_ISA_USAGE = YES_ERROR;
				CLANG_WARN_DOCUMENTATION_COMMENTS = YES;
				CLANG_WARN_EMPTY_BODY = YES;
				CLANG_WARN_ENUM_CONVERSION = YES;
				CLANG_WARN_INFINITE_RECURSION = YES;
				CLANG_WARN_INT_CONVERSION = YES;
				CLANG_WARN_NON_LITERAL_NULL_CONVERSION = YES;
				CLANG_WARN_OBJC_IMPLICIT_RETAIN_SELF = YES;
				CLANG_WARN_OBJC_LITERAL_CONVERSION = YES;
				CLANG_WARN_OBJC_ROOT_CLASS = YES_ERROR;
				CLANG_WARN_QUOTED_INCLUDE_IN_FRAMEWORK_HEADER = YES;
				CLANG_WARN_RANGE_LOOP_ANALYSIS = YES;
				CLANG_WARN_STRICT_PROTOTYPES = YES;
				CLANG_WARN_SUSPICIOUS_MOVE = YES;
				CLANG_WARN_UNGUARDED_AVAILABILITY = YES_AGGRESSIVE;
				CLANG_WARN_UNREACHABLE_CODE = YES;
				CLANG_WARN__DUPLICATE_METHOD_MATCH = YES;
				COPY_PHASE_STRIP = NO;
				DEBUG_INFORMATION_FORMAT = dwarf;
				ENABLE_STRICT_OBJC_MSGSEND = YES;
				ENABLE_TESTABILITY = YES;
				GCC_C_LANGUAGE_STANDARD = gnu11;
				GCC_DYNAMIC_NO_PIC = NO;
				GCC_NO_COMMON_BLOCKS = YES;
				GCC_OPTIMIZATION_LEVEL = 0;
				GCC_PREPROCESSOR_DEFINITIONS = (
					"DEBUG=1",
					"$(inherited)",
				);
				GCC_WARN_64_TO_32_BIT_CONVERSION = YES;
				GCC_WARN_ABOUT_RETURN_TYPE = YES_ERROR;
				GCC_WARN_UNDECLARED_SELECTOR = YES;
				GCC_WARN_UNINITIALIZED_AUTOS = YES_AGGRESSIVE;
				GCC_WARN_UNUSED_FUNCTION = YES;
				GCC_WARN_UNUSED_VARIABLE = YES;
				IPHONEOS_DEPLOYMENT_TARGET = 14.0;
				MTL_ENABLE_DEBUG_INFO = INCLUDE_SOURCE;
				MTL_FAST_MATH = YES;
				ONLY_ACTIVE_ARCH = YES;
				SDKROOT = iphoneos;
				SWIFT_ACTIVE_COMPILATION_CONDITIONS = DEBUG;
				SWIFT_OPTIMIZATION_LEVEL = "-Onone";
			};
			name = Debug;
		};
		3B499C4F29BF8ACA00186FF9 /* Release */ = {
			isa = XCBuildConfiguration;
			buildSettings = {
				ALWAYS_SEARCH_USER_PATHS = NO;
				CLANG_ANALYZER_NONNULL = YES;
				CLANG_ANALYZER_NUMBER_OBJECT_CONVERSION = YES_AGGRESSIVE;
				CLANG_CXX_LANGUAGE_STANDARD = "gnu++20";
				CLANG_ENABLE_MODULES = YES;
				CLANG_ENABLE_OBJC_ARC = YES;
				CLANG_ENABLE_OBJC_WEAK = YES;
				CLANG_WARN_BLOCK_CAPTURE_AUTORELEASING = YES;
				CLANG_WARN_BOOL_CONVERSION = YES;
				CLANG_WARN_COMMA = YES;
				CLANG_WARN_CONSTANT_CONVERSION = YES;
				CLANG_WARN_DEPRECATED_OBJC_IMPLEMENTATIONS = YES;
				CLANG_WARN_DIRECT_OBJC_ISA_USAGE = YES_ERROR;
				CLANG_WARN_DOCUMENTATION_COMMENTS = YES;
				CLANG_WARN_EMPTY_BODY = YES;
				CLANG_WARN_ENUM_CONVERSION = YES;
				CLANG_WARN_INFINITE_RECURSION = YES;
				CLANG_WARN_INT_CONVERSION = YES;
				CLANG_WARN_NON_LITERAL_NULL_CONVERSION = YES;
				CLANG_WARN_OBJC_IMPLICIT_RETAIN_SELF = YES;
				CLANG_WARN_OBJC_LITERAL_CONVERSION = YES;
				CLANG_WARN_OBJC_ROOT_CLASS = YES_ERROR;
				CLANG_WARN_QUOTED_INCLUDE_IN_FRAMEWORK_HEADER = YES;
				CLANG_WARN_RANGE_LOOP_ANALYSIS = YES;
				CLANG_WARN_STRICT_PROTOTYPES = YES;
				CLANG_WARN_SUSPICIOUS_MOVE = YES;
				CLANG_WARN_UNGUARDED_AVAILABILITY = YES_AGGRESSIVE;
				CLANG_WARN_UNREACHABLE_CODE = YES;
				CLANG_WARN__DUPLICATE_METHOD_MATCH = YES;
				COPY_PHASE_STRIP = NO;
				DEBUG_INFORMATION_FORMAT = "dwarf-with-dsym";
				ENABLE_NS_ASSERTIONS = NO;
				ENABLE_STRICT_OBJC_MSGSEND = YES;
				GCC_C_LANGUAGE_STANDARD = gnu11;
				GCC_NO_COMMON_BLOCKS = YES;
				GCC_WARN_64_TO_32_BIT_CONVERSION = YES;
				GCC_WARN_ABOUT_RETURN_TYPE = YES_ERROR;
				GCC_WARN_UNDECLARED_SELECTOR = YES;
				GCC_WARN_UNINITIALIZED_AUTOS = YES_AGGRESSIVE;
				GCC_WARN_UNUSED_FUNCTION = YES;
				GCC_WARN_UNUSED_VARIABLE = YES;
				IPHONEOS_DEPLOYMENT_TARGET = 14.0;
				MTL_ENABLE_DEBUG_INFO = NO;
				MTL_FAST_MATH = YES;
				SDKROOT = iphoneos;
				SWIFT_COMPILATION_MODE = wholemodule;
				SWIFT_OPTIMIZATION_LEVEL = "-O";
				VALIDATE_PRODUCT = YES;
			};
			name = Release;
		};
		3B499C5129BF8ACA00186FF9 /* Debug */ = {
			isa = XCBuildConfiguration;
			baseConfigurationReference = 7E58F47E582ED7D207234F87 /* Pods-MovieApp.debug.xcconfig */;
			buildSettings = {
				ASSETCATALOG_COMPILER_APPICON_NAME = AppIcon;
				ASSETCATALOG_COMPILER_GLOBAL_ACCENT_COLOR_NAME = AccentColor;
				CODE_SIGN_STYLE = Automatic;
				CURRENT_PROJECT_VERSION = 1;
				GENERATE_INFOPLIST_FILE = YES;
				INFOPLIST_FILE = MovieApp/Info.plist;
				INFOPLIST_KEY_UIApplicationSupportsIndirectInputEvents = YES;
				INFOPLIST_KEY_UILaunchStoryboardName = LaunchScreen;
				INFOPLIST_KEY_UIMainStoryboardFile = Main;
				INFOPLIST_KEY_UISupportedInterfaceOrientations = UIInterfaceOrientationPortrait;
				INFOPLIST_KEY_UISupportedInterfaceOrientations_iPad = "UIInterfaceOrientationLandscapeLeft UIInterfaceOrientationLandscapeRight UIInterfaceOrientationPortrait UIInterfaceOrientationPortraitUpsideDown";
				IPHONEOS_DEPLOYMENT_TARGET = 14.0;
				LD_RUNPATH_SEARCH_PATHS = (
					"$(inherited)",
					"@executable_path/Frameworks",
				);
				MARKETING_VERSION = 1.0;
				PRODUCT_BUNDLE_IDENTIFIER = com.nihadallahveranov.MovieApp;
				PRODUCT_NAME = "$(TARGET_NAME)";
				SUPPORTED_PLATFORMS = "iphoneos iphonesimulator";
				SUPPORTS_MACCATALYST = NO;
				SUPPORTS_MAC_DESIGNED_FOR_IPHONE_IPAD = NO;
				SWIFT_EMIT_LOC_STRINGS = YES;
				SWIFT_VERSION = 5.0;
				TARGETED_DEVICE_FAMILY = "1,2";
			};
			name = Debug;
		};
		3B499C5229BF8ACA00186FF9 /* Release */ = {
			isa = XCBuildConfiguration;
			baseConfigurationReference = C633967825AC86DE7842E31D /* Pods-MovieApp.release.xcconfig */;
			buildSettings = {
				ASSETCATALOG_COMPILER_APPICON_NAME = AppIcon;
				ASSETCATALOG_COMPILER_GLOBAL_ACCENT_COLOR_NAME = AccentColor;
				CODE_SIGN_STYLE = Automatic;
				CURRENT_PROJECT_VERSION = 1;
				GENERATE_INFOPLIST_FILE = YES;
				INFOPLIST_FILE = MovieApp/Info.plist;
				INFOPLIST_KEY_UIApplicationSupportsIndirectInputEvents = YES;
				INFOPLIST_KEY_UILaunchStoryboardName = LaunchScreen;
				INFOPLIST_KEY_UIMainStoryboardFile = Main;
				INFOPLIST_KEY_UISupportedInterfaceOrientations = UIInterfaceOrientationPortrait;
				INFOPLIST_KEY_UISupportedInterfaceOrientations_iPad = "UIInterfaceOrientationLandscapeLeft UIInterfaceOrientationLandscapeRight UIInterfaceOrientationPortrait UIInterfaceOrientationPortraitUpsideDown";
				IPHONEOS_DEPLOYMENT_TARGET = 14.0;
				LD_RUNPATH_SEARCH_PATHS = (
					"$(inherited)",
					"@executable_path/Frameworks",
				);
				MARKETING_VERSION = 1.0;
				PRODUCT_BUNDLE_IDENTIFIER = com.nihadallahveranov.MovieApp;
				PRODUCT_NAME = "$(TARGET_NAME)";
				SUPPORTED_PLATFORMS = "iphoneos iphonesimulator";
				SUPPORTS_MACCATALYST = NO;
				SUPPORTS_MAC_DESIGNED_FOR_IPHONE_IPAD = NO;
				SWIFT_EMIT_LOC_STRINGS = YES;
				SWIFT_VERSION = 5.0;
				TARGETED_DEVICE_FAMILY = "1,2";
			};
			name = Release;
		};
/* End XCBuildConfiguration section */

/* Begin XCConfigurationList section */
		3B499C3729BF8AC900186FF9 /* Build configuration list for PBXProject "MovieApp" */ = {
			isa = XCConfigurationList;
			buildConfigurations = (
				3B499C4E29BF8ACA00186FF9 /* Debug */,
				3B499C4F29BF8ACA00186FF9 /* Release */,
			);
			defaultConfigurationIsVisible = 0;
			defaultConfigurationName = Release;
		};
		3B499C5029BF8ACA00186FF9 /* Build configuration list for PBXNativeTarget "MovieApp" */ = {
			isa = XCConfigurationList;
			buildConfigurations = (
				3B499C5129BF8ACA00186FF9 /* Debug */,
				3B499C5229BF8ACA00186FF9 /* Release */,
			);
			defaultConfigurationIsVisible = 0;
			defaultConfigurationName = Release;
		};
/* End XCConfigurationList section */
	};
	rootObject = 3B499C3429BF8AC900186FF9 /* Project object */;
}
